{
  "nodes": {
    "flakeNimbleLib": {
      "inputs": {
        "nixpkgs": [
          "nixpkgs"
        ]
      },
      "locked": {
        "lastModified": 1662018438,
        "narHash": "sha256-QtNtU6+LX3Wokxf0zlFwKTFOcn6TeDjKQZ+DA9OYtvM=",
        "owner": "riinr",
        "repo": "nim-flakes-lib",
        "rev": "b1fe8340736e3a85d25c709ac3dfd82a55c03cbf",
        "type": "github"
      },
      "original": {
        "owner": "riinr",
        "ref": "master",
        "repo": "nim-flakes-lib",
        "type": "github"
      }
    },
    "nanomsg-master": {
      "inputs": {
        "flakeNimbleLib": [
          "flakeNimbleLib"
        ],
        "nixpkgs": [
          "nixpkgs"
        ],
        "src-nanomsg-master": "src-nanomsg-master"
      },
      "locked": {
        "dir": "master",
        "lastModified": 1662254626,
        "narHash": "sha256-Cs+kycNs1fOCECU8RFvpshvB3oedtdgGsHNFGq69whc=",
        "owner": "nim-nix-pkgs",
        "repo": "nanomsg",
        "rev": "f28a4e166b30ad810ff97b1e5ff45ba29f750bc1",
        "type": "github"
      },
      "original": {
        "dir": "master",
        "owner": "nim-nix-pkgs",
        "ref": "master",
        "repo": "nanomsg",
        "type": "github"
      }
    },
    "nixpkgs": {
      "locked": {
        "lastModified": 1667110639,
        "narHash": "sha256-4FbPESZ5LbqQxkJJJBAfk/zKgF9h/4kyUwjjpJwYlbc=",
        "owner": "NixOS",
        "repo": "nixpkgs",
        "rev": "f38a1f04d1bec1feb61fd101a0539ae2002a7087",
        "type": "github"
      },
      "original": {
        "id": "nixpkgs",
        "type": "indirect"
      }
    },
    "root": {
      "inputs": {
        "flakeNimbleLib": "flakeNimbleLib",
        "nanomsg-master": "nanomsg-master",
        "nixpkgs": "nixpkgs"
      }
    },
    "src-nanomsg-master": {
      "flake": false,
      "locked": {
        "lastModified": 1592298343,
        "narHash": "sha256-4e8uDmfGxqVU5mi/7wEY1j1AqXQfBO2+6QpdGb6L1fs=",
        "owner": "def-",
        "repo": "nim-nanomsg",
        "rev": "d16331fcc74e9ce178b3373928b44f2cceaef30e",
        "type": "github"
      },
      "original": {
        "owner": "def-",
        "ref": "refs/heads/master",
        "repo": "nim-nanomsg",
        "type": "github"
      }
    }
  },
  "root": "root",
  "version": 7
}
